
Microsoft Visual Studio Solution File, Format Version 12.00
# Visual Studio Version 16
VisualStudioVersion = 25.0.1706.1
MinimumVisualStudioVersion = 10.0.40219.1
Project("{FAE04EC0-301F-11D3-BF4B-00C04F79EFBC}") = "MovieApp", "MovieApp\MovieApp.csproj", "{E9CA9373-CD9C-417B-AE8D-4FF6AEC9B5EA}"
EndProject
Global
	GlobalSection(SolutionConfigurationPlatforms) = preSolution
		Debug|Any CPU = Debug|Any CPU
		Release|Any CPU = Release|Any CPU
	EndGlobalSection
	GlobalSection(ProjectConfigurationPlatforms) = postSolution
		{E9CA9373-CD9C-417B-AE8D-4FF6AEC9B5EA}.Debug|Any CPU.ActiveCfg = Debug|Any CPU
		{E9CA9373-CD9C-417B-AE8D-4FF6AEC9B5EA}.Debug|Any CPU.Build.0 = Debug|Any CPU
		{E9CA9373-CD9C-417B-AE8D-4FF6AEC9B5EA}.Release|Any CPU.ActiveCfg = Release|Any CPU
		{E9CA9373-CD9C-417B-AE8D-4FF6AEC9B5EA}.Release|Any CPU.Build.0 = Release|Any CPU
	EndGlobalSection
	GlobalSection(SolutionProperties) = preSolution
		HideSolutionNode = FALSE
	EndGlobalSection
	GlobalSection(ExtensibilityGlobals) = postSolution
		SolutionGuid = {40239185-1173-46CC-81C5-427040E9C4A9}
	EndGlobalSection
EndGlobal
